
Microsoft Visual Studio Solution File, Format Version 10.00
# Visual Studio 2008
Project("{FAE04EC0-301F-11D3-BF4B-00C04F79EFBC}") = "AopSample", "AopSample\AopSample.csproj", "{21020C76-3312-49BB-8ECC-9CB46F61827D}"
EndProject
Project("{2150E333-8FDC-42A3-9474-1A3956D46DE8}") = "Library", "Library", "{FE43880E-D3B1-4C0B-95F0-28CE7D8436EE}"
	ProjectSection(SolutionItems) = preProject
		Library\Microsoft.Practices.ObjectBuilder2.dll = Library\Microsoft.Practices.ObjectBuilder2.dll
		Library\Microsoft.Practices.ObjectBuilder2.xml = Library\Microsoft.Practices.ObjectBuilder2.xml
		Library\Microsoft.Practices.Unity.dll = Library\Microsoft.Practices.Unity.dll
		Library\Microsoft.Practices.Unity.Interception.dll = Library\Microsoft.Practices.Unity.Interception.dll
		Library\Microsoft.Practices.Unity.Interception.xml = Library\Microsoft.Practices.Unity.Interception.xml
		Library\Microsoft.Practices.Unity.xml = Library\Microsoft.Practices.Unity.xml
	EndProjectSection
EndProject
Global
	GlobalSection(SolutionConfigurationPlatforms) = preSolution
		Debug|Any CPU = Debug|Any CPU
		Release|Any CPU = Release|Any CPU
	EndGlobalSection
	GlobalSection(ProjectConfigurationPlatforms) = postSolution
		{21020C76-3312-49BB-8ECC-9CB46F61827D}.Debug|Any CPU.ActiveCfg = Debug|Any CPU
		{21020C76-3312-49BB-8ECC-9CB46F61827D}.Debug|Any CPU.Build.0 = Debug|Any CPU
		{21020C76-3312-49BB-8ECC-9CB46F61827D}.Release|Any CPU.ActiveCfg = Release|Any CPU
		{21020C76-3312-49BB-8ECC-9CB46F61827D}.Release|Any CPU.Build.0 = Release|Any CPU
	EndGlobalSection
	GlobalSection(SolutionProperties) = preSolution
		HideSolutionNode = FALSE
	EndGlobalSection
EndGlobal
